{
  "name": "@ellbur/lplayout",
  "version": "1.1.1",
  "lockfileVersion": 2,
  "requires": true,
  "packages": {
    "": {
      "name": "@ellbur/lplayout",
      "version": "1.1.1",
      "dependencies": {
        "@rescript/std": "10.0.1",
        "javascript-lp-solver": "^0.4.24"
      },
      "devDependencies": {
        "rescript": "10.0.1"
      }
    },
    "node_modules/@rescript/std": {
      "version": "10.0.1",
      "resolved": "https://registry.npmjs.org/@rescript/std/-/std-10.0.1.tgz",
      "integrity": "sha512-cchIxAI/zVU2sITZgVWz/QOKSRDGEhGyzMTWfsZdgNf6QD9+S/CUVfS1lBqPaX9GaGy1FCWHAqGYwIIaVqAS4Q=="
    },
    "node_modules/javascript-lp-solver": {
      "version": "0.4.24",
      "resolved": "https://registry.npmjs.org/javascript-lp-solver/-/javascript-lp-solver-0.4.24.tgz",
      "integrity": "sha512-5edoDKnMrt/u3M6GnZKDDIPxOyFOg+WrwDv8mjNiMC2DePhy2H9/FFQgf4ggywaXT1utvkxusJcjQUER72cZmA=="
    },
    "node_modules/rescript": {
      "version": "10.0.1",
      "resolved": "https://registry.npmjs.org/rescript/-/rescript-10.0.1.tgz",
      "integrity": "sha512-XwO1GPDtoEU4H03xQE5bp0/qtSVR6YLaJRPxWKrfFgKc+LI36ODOCie7o9UJfgzQdoMYkkZyiTGZ4N9OQEaiUw==",
      "dev": true,
      "hasInstallScript": true,
      "bin": {
        "bsc": "bsc",
        "bsrefmt": "bsrefmt",
        "bstracing": "lib/bstracing",
        "rescript": "rescript"
      }
    }
  },
  "dependencies": {
    "@rescript/std": {
      "version": "10.0.1",
      "resolved": "https://registry.npmjs.org/@rescript/std/-/std-10.0.1.tgz",
      "integrity": "sha512-cchIxAI/zVU2sITZgVWz/QOKSRDGEhGyzMTWfsZdgNf6QD9+S/CUVfS1lBqPaX9GaGy1FCWHAqGYwIIaVqAS4Q=="
    },
    "javascript-lp-solver": {
      "version": "0.4.24",
      "resolved": "https://registry.npmjs.org/javascript-lp-solver/-/javascript-lp-solver-0.4.24.tgz",
      "integrity": "sha512-5edoDKnMrt/u3M6GnZKDDIPxOyFOg+WrwDv8mjNiMC2DePhy2H9/FFQgf4ggywaXT1utvkxusJcjQUER72cZmA=="
    },
    "rescript": {
      "version": "10.0.1",
      "resolved": "https://registry.npmjs.org/rescript/-/rescript-10.0.1.tgz",
      "integrity": "sha512-XwO1GPDtoEU4H03xQE5bp0/qtSVR6YLaJRPxWKrfFgKc+LI36ODOCie7o9UJfgzQdoMYkkZyiTGZ4N9OQEaiUw==",
      "dev": true
    }
  }
}
