{
  "name": "@ellbur/lplayout",
  "version": "1.2.2",
  "lockfileVersion": 2,
  "requires": true,
  "packages": {
    "": {
      "name": "@ellbur/lplayout",
      "version": "1.2.2",
      "dependencies": {
        "@ellbur/javascript-lp-solver": "^0.4.26",
        "@rescript/std": "10.1.1"
      },
      "devDependencies": {
        "rescript": "10.1.1"
      }
    },
    "node_modules/@ellbur/javascript-lp-solver": {
      "version": "0.4.26",
      "resolved": "https://registry.npmjs.org/@ellbur/javascript-lp-solver/-/javascript-lp-solver-0.4.26.tgz",
      "integrity": "sha512-d0c5+JOED/hyo/cfjp7Sv7Bho+awVlKKx4ftsDEQ52z2xOgRBDMFwqZIvBb7yECc/bXzdsCPlP7eHMrOS5yV0w=="
    },
    "node_modules/@rescript/std": {
      "version": "10.1.1",
      "resolved": "https://registry.npmjs.org/@rescript/std/-/std-10.1.1.tgz",
      "integrity": "sha512-/WZ3pO8NB/+88cDflz/FHyeG0LH39nhrgIy0UgMNszb1nCqV+J1e5KFqejjYSTljOoKSjXN8U3caMq0uY3tbKQ=="
    },
    "node_modules/rescript": {
      "version": "10.1.1",
      "resolved": "https://registry.npmjs.org/rescript/-/rescript-10.1.1.tgz",
      "integrity": "sha512-6rwFNt+A1VqD34L/9T95TKh22zyT0Cs5VUWCQnFblBNsUfz5mFdUSNvdOFf1Nbiz8NaQJGwhLKKjzxsF/pbbLg==",
      "dev": true,
      "hasInstallScript": true,
      "bin": {
        "bsc": "bsc",
        "bsrefmt": "bsrefmt",
        "bstracing": "lib/bstracing",
        "rescript": "rescript"
      }
    }
  },
  "dependencies": {
    "@ellbur/javascript-lp-solver": {
      "version": "0.4.26",
      "resolved": "https://registry.npmjs.org/@ellbur/javascript-lp-solver/-/javascript-lp-solver-0.4.26.tgz",
      "integrity": "sha512-d0c5+JOED/hyo/cfjp7Sv7Bho+awVlKKx4ftsDEQ52z2xOgRBDMFwqZIvBb7yECc/bXzdsCPlP7eHMrOS5yV0w=="
    },
    "@rescript/std": {
      "version": "10.1.1",
      "resolved": "https://registry.npmjs.org/@rescript/std/-/std-10.1.1.tgz",
      "integrity": "sha512-/WZ3pO8NB/+88cDflz/FHyeG0LH39nhrgIy0UgMNszb1nCqV+J1e5KFqejjYSTljOoKSjXN8U3caMq0uY3tbKQ=="
    },
    "rescript": {
      "version": "10.1.1",
      "resolved": "https://registry.npmjs.org/rescript/-/rescript-10.1.1.tgz",
      "integrity": "sha512-6rwFNt+A1VqD34L/9T95TKh22zyT0Cs5VUWCQnFblBNsUfz5mFdUSNvdOFf1Nbiz8NaQJGwhLKKjzxsF/pbbLg==",
      "dev": true
    }
  }
}
